PODS:
  - Nimble (7.0.3)
  - Quick (1.2.0)
  - UILayoutSpec (1.0.0):
    - YogaKit
  - Yoga (1.8.1)
  - YogaKit (1.8.1):
    - Yoga (~> 1.8.1)

DEPENDENCIES:
  - Nimble (~> 7.0.2)
  - Quick (~> 1.2.0)
  - UILayoutSpec (from `../`)

EXTERNAL SOURCES:
  UILayoutSpec:
    :path: ../

SPEC CHECKSUMS:
  Nimble: 7f5a9c447a33002645a071bddafbfb24ea70e0ac
  Quick: 58d203b1c5e27fff7229c4c1ae445ad7069a7a08
  UILayoutSpec: e076357b98f37c7c5f597b60cd8429caf7fc35fe
  Yoga: e6f1fed82138c17da5332e15e5770abf0e9cc386
  YogaKit: bb90d11e297e06abef7e0cfb20e035a6bd00cdc4

PODFILE CHECKSUM: 48d59d29409b2cde971f2a29288b9cfdf788698e

COCOAPODS: 1.3.1
